// !$*UTF8*$!
{
	archiveVersion = 1;
	classes = {
	};
	objectVersion = 56;
	objects = {

/* Begin PBXBuildFile section */
		8250BB652B5FAE940027E889 /* MemoryItemView.swift in Sources */ = {isa = PBXBuildFile; fileRef = 8250BB642B5FAE940027E889 /* MemoryItemView.swift */; };
		8250BB672B5FB1E60027E889 /* Tab.swift in Sources */ = {isa = PBXBuildFile; fileRef = 8250BB662B5FB1E60027E889 /* Tab.swift */; };
		8250BB692B5FB3300027E889 /* TabsView.swift in Sources */ = {isa = PBXBuildFile; fileRef = 8250BB682B5FB3300027E889 /* TabsView.swift */; };
		8250BB6B2B5FB3B40027E889 /* ProfileView.swift in Sources */ = {isa = PBXBuildFile; fileRef = 8250BB6A2B5FB3B40027E889 /* ProfileView.swift */; };
		8250BB6D2B5FC9F10027E889 /* MemoryDetailView.swift in Sources */ = {isa = PBXBuildFile; fileRef = 8250BB6C2B5FC9F10027E889 /* MemoryDetailView.swift */; };
		8250BB702B5FCF1E0027E889 /* URLImage in Frameworks */ = {isa = PBXBuildFile; productRef = 8250BB6F2B5FCF1E0027E889 /* URLImage */; };
		8250BB722B5FCF1E0027E889 /* URLImageStore in Frameworks */ = {isa = PBXBuildFile; productRef = 8250BB712B5FCF1E0027E889 /* URLImageStore */; };
		8250BB742B5FDE5F0027E889 /* GoogleMapsView.swift in Sources */ = {isa = PBXBuildFile; fileRef = 8250BB732B5FDE5F0027E889 /* GoogleMapsView.swift */; };
		8250BB772B5FE33C0027E889 /* GoogleMaps in Frameworks */ = {isa = PBXBuildFile; productRef = 8250BB762B5FE33C0027E889 /* GoogleMaps */; };
		8250BB792B5FE33C0027E889 /* GoogleMapsBase in Frameworks */ = {isa = PBXBuildFile; productRef = 8250BB782B5FE33C0027E889 /* GoogleMapsBase */; };
		8250BB7B2B5FE33C0027E889 /* GoogleMapsCore in Frameworks */ = {isa = PBXBuildFile; productRef = 8250BB7A2B5FE33C0027E889 /* GoogleMapsCore */; };
		8250BB7D2B5FE33C0027E889 /* GoogleMapsM4B in Frameworks */ = {isa = PBXBuildFile; productRef = 8250BB7C2B5FE33C0027E889 /* GoogleMapsM4B */; };
		825C759C2B5EA5C200C2B436 /* MemoryLaneApp.swift in Sources */ = {isa = PBXBuildFile; fileRef = 825C759B2B5EA5C200C2B436 /* MemoryLaneApp.swift */; };
		825C759E2B5EA5C200C2B436 /* ContentView.swift in Sources */ = {isa = PBXBuildFile; fileRef = 825C759D2B5EA5C200C2B436 /* ContentView.swift */; };
		825C75A02B5EA5C400C2B436 /* Assets.xcassets in Resources */ = {isa = PBXBuildFile; fileRef = 825C759F2B5EA5C400C2B436 /* Assets.xcassets */; };
		825C75A32B5EA5C400C2B436 /* Preview Assets.xcassets in Resources */ = {isa = PBXBuildFile; fileRef = 825C75A22B5EA5C400C2B436 /* Preview Assets.xcassets */; };
		825C75AF2B5EA68D00C2B436 /* FirebaseManager.swift in Sources */ = {isa = PBXBuildFile; fileRef = 825C75AE2B5EA68D00C2B436 /* FirebaseManager.swift */; };
		825C75B42B5EA80E00C2B436 /* FirebaseAnalytics in Frameworks */ = {isa = PBXBuildFile; productRef = 825C75B32B5EA80E00C2B436 /* FirebaseAnalytics */; };
		825C75B62B5EA80E00C2B436 /* FirebaseAnalyticsOnDeviceConversion in Frameworks */ = {isa = PBXBuildFile; productRef = 825C75B52B5EA80E00C2B436 /* FirebaseAnalyticsOnDeviceConversion */; };
		825C75B82B5EA80E00C2B436 /* FirebaseAnalyticsSwift in Frameworks */ = {isa = PBXBuildFile; productRef = 825C75B72B5EA80E00C2B436 /* FirebaseAnalyticsSwift */; };
		825C75BA2B5EA80E00C2B436 /* FirebaseAnalyticsWithoutAdIdSupport in Frameworks */ = {isa = PBXBuildFile; productRef = 825C75B92B5EA80E00C2B436 /* FirebaseAnalyticsWithoutAdIdSupport */; };
		825C75BC2B5EA80E00C2B436 /* FirebaseAppCheck in Frameworks */ = {isa = PBXBuildFile; productRef = 825C75BB2B5EA80E00C2B436 /* FirebaseAppCheck */; };
		825C75BE2B5EA80E00C2B436 /* FirebaseAppDistribution-Beta in Frameworks */ = {isa = PBXBuildFile; productRef = 825C75BD2B5EA80E00C2B436 /* FirebaseAppDistribution-Beta */; };
		825C75C02B5EA80E00C2B436 /* FirebaseAuth in Frameworks */ = {isa = PBXBuildFile; productRef = 825C75BF2B5EA80E00C2B436 /* FirebaseAuth */; };
		825C75C22B5EA80E00C2B436 /* FirebaseAuthCombine-Community in Frameworks */ = {isa = PBXBuildFile; productRef = 825C75C12B5EA80E00C2B436 /* FirebaseAuthCombine-Community */; };
		825C75C42B5EA80E00C2B436 /* FirebaseCrashlytics in Frameworks */ = {isa = PBXBuildFile; productRef = 825C75C32B5EA80E00C2B436 /* FirebaseCrashlytics */; };
		825C75C62B5EA80E00C2B436 /* FirebaseDatabase in Frameworks */ = {isa = PBXBuildFile; productRef = 825C75C52B5EA80E00C2B436 /* FirebaseDatabase */; };
		825C75C82B5EA80E00C2B436 /* FirebaseDatabaseSwift in Frameworks */ = {isa = PBXBuildFile; productRef = 825C75C72B5EA80E00C2B436 /* FirebaseDatabaseSwift */; };
		825C75CA2B5EA80E00C2B436 /* FirebaseDynamicLinks in Frameworks */ = {isa = PBXBuildFile; productRef = 825C75C92B5EA80E00C2B436 /* FirebaseDynamicLinks */; };
		825C75CC2B5EA80E00C2B436 /* FirebaseFirestore in Frameworks */ = {isa = PBXBuildFile; productRef = 825C75CB2B5EA80E00C2B436 /* FirebaseFirestore */; };
		825C75CE2B5EA80E00C2B436 /* FirebaseFirestoreCombine-Community in Frameworks */ = {isa = PBXBuildFile; productRef = 825C75CD2B5EA80E00C2B436 /* FirebaseFirestoreCombine-Community */; };
		825C75D02B5EA80E00C2B436 /* FirebaseFirestoreSwift in Frameworks */ = {isa = PBXBuildFile; productRef = 825C75CF2B5EA80E00C2B436 /* FirebaseFirestoreSwift */; };
		825C75D22B5EA80E00C2B436 /* FirebaseFunctions in Frameworks */ = {isa = PBXBuildFile; productRef = 825C75D12B5EA80E00C2B436 /* FirebaseFunctions */; };
		825C75D42B5EA80E00C2B436 /* FirebaseFunctionsCombine-Community in Frameworks */ = {isa = PBXBuildFile; productRef = 825C75D32B5EA80E00C2B436 /* FirebaseFunctionsCombine-Community */; };
		825C75D62B5EA80E00C2B436 /* FirebaseInAppMessaging-Beta in Frameworks */ = {isa = PBXBuildFile; productRef = 825C75D52B5EA80E00C2B436 /* FirebaseInAppMessaging-Beta */; };
		825C75D82B5EA80E00C2B436 /* FirebaseInAppMessagingSwift-Beta in Frameworks */ = {isa = PBXBuildFile; productRef = 825C75D72B5EA80E00C2B436 /* FirebaseInAppMessagingSwift-Beta */; };
		825C75DA2B5EA80E00C2B436 /* FirebaseInstallations in Frameworks */ = {isa = PBXBuildFile; productRef = 825C75D92B5EA80E00C2B436 /* FirebaseInstallations */; };
		825C75DC2B5EA80E00C2B436 /* FirebaseMLModelDownloader in Frameworks */ = {isa = PBXBuildFile; productRef = 825C75DB2B5EA80E00C2B436 /* FirebaseMLModelDownloader */; };
		825C75DE2B5EA80E00C2B436 /* FirebaseMessaging in Frameworks */ = {isa = PBXBuildFile; productRef = 825C75DD2B5EA80E00C2B436 /* FirebaseMessaging */; };
		825C75E02B5EA80E00C2B436 /* FirebasePerformance in Frameworks */ = {isa = PBXBuildFile; productRef = 825C75DF2B5EA80E00C2B436 /* FirebasePerformance */; };
		825C75E22B5EA80E00C2B436 /* FirebaseRemoteConfig in Frameworks */ = {isa = PBXBuildFile; productRef = 825C75E12B5EA80E00C2B436 /* FirebaseRemoteConfig */; };
		825C75E42B5EA80E00C2B436 /* FirebaseRemoteConfigSwift in Frameworks */ = {isa = PBXBuildFile; productRef = 825C75E32B5EA80E00C2B436 /* FirebaseRemoteConfigSwift */; };
		825C75E62B5EA80E00C2B436 /* FirebaseStorage in Frameworks */ = {isa = PBXBuildFile; productRef = 825C75E52B5EA80E00C2B436 /* FirebaseStorage */; };
		825C75E82B5EA80E00C2B436 /* FirebaseStorageCombine-Community in Frameworks */ = {isa = PBXBuildFile; productRef = 825C75E72B5EA80E00C2B436 /* FirebaseStorageCombine-Community */; };
		825C75EA2B5EA9B100C2B436 /* UserViewModel.swift in Sources */ = {isa = PBXBuildFile; fileRef = 825C75E92B5EA9B100C2B436 /* UserViewModel.swift */; };
		825C75EC2B5EA9CC00C2B436 /* User.swift in Sources */ = {isa = PBXBuildFile; fileRef = 825C75EB2B5EA9CC00C2B436 /* User.swift */; };
		825C75EF2B5EADC000C2B436 /* Memory.swift in Sources */ = {isa = PBXBuildFile; fileRef = 825C75EE2B5EADC000C2B436 /* Memory.swift */; };
		825C75F12B5EAF7200C2B436 /* MemoryViewModel.swift in Sources */ = {isa = PBXBuildFile; fileRef = 825C75F02B5EAF7200C2B436 /* MemoryViewModel.swift */; };
		825C75F32B5EB47A00C2B436 /* LoginView.swift in Sources */ = {isa = PBXBuildFile; fileRef = 825C75F22B5EB47A00C2B436 /* LoginView.swift */; };
		825C75F52B5EB69600C2B436 /* RegisterView.swift in Sources */ = {isa = PBXBuildFile; fileRef = 825C75F42B5EB69600C2B436 /* RegisterView.swift */; };
		825C75F92B5EBCE700C2B436 /* HomeView.swift in Sources */ = {isa = PBXBuildFile; fileRef = 825C75F82B5EBCE700C2B436 /* HomeView.swift */; };
		825C75FB2B5EC46500C2B436 /* AddMemoryView.swift in Sources */ = {isa = PBXBuildFile; fileRef = 825C75FA2B5EC46500C2B436 /* AddMemoryView.swift */; };
		825C75FD2B5EC4BE00C2B436 /* EditMemoryView.swift in Sources */ = {isa = PBXBuildFile; fileRef = 825C75FC2B5EC4BE00C2B436 /* EditMemoryView.swift */; };
		8261E3142B694863000793F6 /* SearchView.swift in Sources */ = {isa = PBXBuildFile; fileRef = 8261E3132B694863000793F6 /* SearchView.swift */; };
		8261E3162B6948A6000793F6 /* FavoritesView.swift in Sources */ = {isa = PBXBuildFile; fileRef = 8261E3152B6948A6000793F6 /* FavoritesView.swift */; };
		8261E3182B6A7078000793F6 /* SingleImagePicker.swift in Sources */ = {isa = PBXBuildFile; fileRef = 8261E3172B6A7078000793F6 /* SingleImagePicker.swift */; };
		8261E31A2B6AA139000793F6 /* Errors.swift in Sources */ = {isa = PBXBuildFile; fileRef = 8261E3192B6AA139000793F6 /* Errors.swift */; };
		8261E31C2B6BE7A0000793F6 /* SingleMemoryItemView.swift in Sources */ = {isa = PBXBuildFile; fileRef = 8261E31B2B6BE7A0000793F6 /* SingleMemoryItemView.swift */; };
		8261E31E2B70D7ED000793F6 /* MultipleImagesPicker.swift in Sources */ = {isa = PBXBuildFile; fileRef = 8261E31D2B70D7ED000793F6 /* MultipleImagesPicker.swift */; };
		8261E3272B728AFD000793F6 /* GooglePlaces in Frameworks */ = {isa = PBXBuildFile; productRef = 8261E3262B728AFD000793F6 /* GooglePlaces */; };
		8261E32B2B762759000793F6 /* SearchBarView.swift in Sources */ = {isa = PBXBuildFile; fileRef = 8261E32A2B762759000793F6 /* SearchBarView.swift */; };
		8261E32D2B772F09000793F6 /* TimelineView.swift in Sources */ = {isa = PBXBuildFile; fileRef = 8261E32C2B772F09000793F6 /* TimelineView.swift */; };
		8261E32F2B7CACD3000793F6 /* NavigationLinkWithoutIndicator.swift in Sources */ = {isa = PBXBuildFile; fileRef = 8261E32E2B7CACD3000793F6 /* NavigationLinkWithoutIndicator.swift */; };
		8261E3372B8776D1000793F6 /* GoogleMapViewWithControls.swift in Sources */ = {isa = PBXBuildFile; fileRef = 8261E3362B8776D1000793F6 /* GoogleMapViewWithControls.swift */; };
		8261E3392B87A348000793F6 /* MapControlsView.swift in Sources */ = {isa = PBXBuildFile; fileRef = 8261E3382B87A348000793F6 /* MapControlsView.swift */; };
		82A3F8152B67B6E400ECAFDF /* Pflichtenheft-iOS_Martin-Roensch.pdf in Resources */ = {isa = PBXBuildFile; fileRef = 82A3F8142B67B6E400ECAFDF /* Pflichtenheft-iOS_Martin-Roensch.pdf */; };
		82A3F8192B68E97C00ECAFDF /* Localizable.xcstrings in Resources */ = {isa = PBXBuildFile; fileRef = 82A3F8182B68E97C00ECAFDF /* Localizable.xcstrings */; };
		82AA870E2BA30B3C007CC75B /* MemoryUploadManager.swift in Sources */ = {isa = PBXBuildFile; fileRef = 82AA870D2BA30B3C007CC75B /* MemoryUploadManager.swift */; };
		82AA87102BA31893007CC75B /* DateExtensions.swift in Sources */ = {isa = PBXBuildFile; fileRef = 82AA870F2BA31893007CC75B /* DateExtensions.swift */; };
		82AA87132BA327DB007CC75B /* HeaderExtentions.swift in Sources */ = {isa = PBXBuildFile; fileRef = 82AA87122BA327DB007CC75B /* HeaderExtentions.swift */; };
		82F602D82B6439D600B951BD /* GoogleService-Info.plist in Resources */ = {isa = PBXBuildFile; fileRef = 82F602D72B6439D600B951BD /* GoogleService-Info.plist */; };
/* End PBXBuildFile section */

/* Begin PBXFileReference section */
		8250BB642B5FAE940027E889 /* MemoryItemView.swift */ = {isa = PBXFileReference; lastKnownFileType = sourcecode.swift; path = MemoryItemView.swift; sourceTree = "<group>"; };
		8250BB662B5FB1E60027E889 /* Tab.swift */ = {isa = PBXFileReference; lastKnownFileType = sourcecode.swift; path = Tab.swift; sourceTree = "<group>"; };
		8250BB682B5FB3300027E889 /* TabsView.swift */ = {isa = PBXFileReference; lastKnownFileType = sourcecode.swift; path = TabsView.swift; sourceTree = "<group>"; };
		8250BB6A2B5FB3B40027E889 /* ProfileView.swift */ = {isa = PBXFileReference; lastKnownFileType = sourcecode.swift; path = ProfileView.swift; sourceTree = "<group>"; };
		8250BB6C2B5FC9F10027E889 /* MemoryDetailView.swift */ = {isa = PBXFileReference; lastKnownFileType = sourcecode.swift; path = MemoryDetailView.swift; sourceTree = "<group>"; };
		8250BB732B5FDE5F0027E889 /* GoogleMapsView.swift */ = {isa = PBXFileReference; lastKnownFileType = sourcecode.swift; path = GoogleMapsView.swift; sourceTree = "<group>"; };
		825C75982B5EA5C200C2B436 /* MemoryLane.app */ = {isa = PBXFileReference; explicitFileType = wrapper.application; includeInIndex = 0; path = MemoryLane.app; sourceTree = BUILT_PRODUCTS_DIR; };
		825C759B2B5EA5C200C2B436 /* MemoryLaneApp.swift */ = {isa = PBXFileReference; lastKnownFileType = sourcecode.swift; path = MemoryLaneApp.swift; sourceTree = "<group>"; };
		825C759D2B5EA5C200C2B436 /* ContentView.swift */ = {isa = PBXFileReference; lastKnownFileType = sourcecode.swift; path = ContentView.swift; sourceTree = "<group>"; };
		825C759F2B5EA5C400C2B436 /* Assets.xcassets */ = {isa = PBXFileReference; lastKnownFileType = folder.assetcatalog; path = Assets.xcassets; sourceTree = "<group>"; };
		825C75A22B5EA5C400C2B436 /* Preview Assets.xcassets */ = {isa = PBXFileReference; lastKnownFileType = folder.assetcatalog; path = "Preview Assets.xcassets"; sourceTree = "<group>"; };
		825C75AE2B5EA68D00C2B436 /* FirebaseManager.swift */ = {isa = PBXFileReference; lastKnownFileType = sourcecode.swift; path = FirebaseManager.swift; sourceTree = "<group>"; };
		825C75E92B5EA9B100C2B436 /* UserViewModel.swift */ = {isa = PBXFileReference; lastKnownFileType = sourcecode.swift; path = UserViewModel.swift; sourceTree = "<group>"; };
		825C75EB2B5EA9CC00C2B436 /* User.swift */ = {isa = PBXFileReference; lastKnownFileType = sourcecode.swift; path = User.swift; sourceTree = "<group>"; };
		825C75EE2B5EADC000C2B436 /* Memory.swift */ = {isa = PBXFileReference; lastKnownFileType = sourcecode.swift; path = Memory.swift; sourceTree = "<group>"; };
		825C75F02B5EAF7200C2B436 /* MemoryViewModel.swift */ = {isa = PBXFileReference; lastKnownFileType = sourcecode.swift; path = MemoryViewModel.swift; sourceTree = "<group>"; };
		825C75F22B5EB47A00C2B436 /* LoginView.swift */ = {isa = PBXFileReference; lastKnownFileType = sourcecode.swift; path = LoginView.swift; sourceTree = "<group>"; };
		825C75F42B5EB69600C2B436 /* RegisterView.swift */ = {isa = PBXFileReference; lastKnownFileType = sourcecode.swift; path = RegisterView.swift; sourceTree = "<group>"; };
		825C75F82B5EBCE700C2B436 /* HomeView.swift */ = {isa = PBXFileReference; lastKnownFileType = sourcecode.swift; path = HomeView.swift; sourceTree = "<group>"; };
		825C75FA2B5EC46500C2B436 /* AddMemoryView.swift */ = {isa = PBXFileReference; lastKnownFileType = sourcecode.swift; path = AddMemoryView.swift; sourceTree = "<group>"; };
		825C75FC2B5EC4BE00C2B436 /* EditMemoryView.swift */ = {isa = PBXFileReference; lastKnownFileType = sourcecode.swift; path = EditMemoryView.swift; sourceTree = "<group>"; };
		8261E3132B694863000793F6 /* SearchView.swift */ = {isa = PBXFileReference; lastKnownFileType = sourcecode.swift; path = SearchView.swift; sourceTree = "<group>"; };
		8261E3152B6948A6000793F6 /* FavoritesView.swift */ = {isa = PBXFileReference; lastKnownFileType = sourcecode.swift; path = FavoritesView.swift; sourceTree = "<group>"; };
		8261E3172B6A7078000793F6 /* SingleImagePicker.swift */ = {isa = PBXFileReference; lastKnownFileType = sourcecode.swift; path = SingleImagePicker.swift; sourceTree = "<group>"; };
		8261E3192B6AA139000793F6 /* Errors.swift */ = {isa = PBXFileReference; lastKnownFileType = sourcecode.swift; path = Errors.swift; sourceTree = "<group>"; };
		8261E31B2B6BE7A0000793F6 /* SingleMemoryItemView.swift */ = {isa = PBXFileReference; lastKnownFileType = sourcecode.swift; path = SingleMemoryItemView.swift; sourceTree = "<group>"; };
		8261E31D2B70D7ED000793F6 /* MultipleImagesPicker.swift */ = {isa = PBXFileReference; lastKnownFileType = sourcecode.swift; path = MultipleImagesPicker.swift; sourceTree = "<group>"; };
		8261E32A2B762759000793F6 /* SearchBarView.swift */ = {isa = PBXFileReference; lastKnownFileType = sourcecode.swift; path = SearchBarView.swift; sourceTree = "<group>"; };
		8261E32C2B772F09000793F6 /* TimelineView.swift */ = {isa = PBXFileReference; lastKnownFileType = sourcecode.swift; path = TimelineView.swift; sourceTree = "<group>"; };
		8261E32E2B7CACD3000793F6 /* NavigationLinkWithoutIndicator.swift */ = {isa = PBXFileReference; lastKnownFileType = sourcecode.swift; path = NavigationLinkWithoutIndicator.swift; sourceTree = "<group>"; };
		8261E3362B8776D1000793F6 /* GoogleMapViewWithControls.swift */ = {isa = PBXFileReference; lastKnownFileType = sourcecode.swift; path = GoogleMapViewWithControls.swift; sourceTree = "<group>"; };
		8261E3382B87A348000793F6 /* MapControlsView.swift */ = {isa = PBXFileReference; lastKnownFileType = sourcecode.swift; path = MapControlsView.swift; sourceTree = "<group>"; };
		82A3F8142B67B6E400ECAFDF /* Pflichtenheft-iOS_Martin-Roensch.pdf */ = {isa = PBXFileReference; lastKnownFileType = image.pdf; path = "Pflichtenheft-iOS_Martin-Roensch.pdf"; sourceTree = "<group>"; };
		82A3F8182B68E97C00ECAFDF /* Localizable.xcstrings */ = {isa = PBXFileReference; lastKnownFileType = text.json.xcstrings; path = Localizable.xcstrings; sourceTree = "<group>"; };
		82AA87042B8FB417007CC75B /* README.md */ = {isa = PBXFileReference; lastKnownFileType = net.daringfireball.markdown; path = README.md; sourceTree = "<group>"; };
		82AA870D2BA30B3C007CC75B /* MemoryUploadManager.swift */ = {isa = PBXFileReference; lastKnownFileType = sourcecode.swift; path = MemoryUploadManager.swift; sourceTree = "<group>"; };
		82AA870F2BA31893007CC75B /* DateExtensions.swift */ = {isa = PBXFileReference; lastKnownFileType = sourcecode.swift; path = DateExtensions.swift; sourceTree = "<group>"; };
		82AA87122BA327DB007CC75B /* HeaderExtentions.swift */ = {isa = PBXFileReference; lastKnownFileType = sourcecode.swift; path = HeaderExtentions.swift; sourceTree = "<group>"; };
		82F602D72B6439D600B951BD /* GoogleService-Info.plist */ = {isa = PBXFileReference; fileEncoding = 4; lastKnownFileType = text.plist.xml; path = "GoogleService-Info.plist"; sourceTree = "<group>"; };
/* End PBXFileReference section */

/* Begin PBXFrameworksBuildPhase section */
		825C75952B5EA5C200C2B436 /* Frameworks */ = {
			isa = PBXFrameworksBuildPhase;
			buildActionMask = 2147483647;
			files = (
				825C75C62B5EA80E00C2B436 /* FirebaseDatabase in Frameworks */,
				825C75D42B5EA80E00C2B436 /* FirebaseFunctionsCombine-Community in Frameworks */,
				8250BB772B5FE33C0027E889 /* GoogleMaps in Frameworks */,
				8250BB792B5FE33C0027E889 /* GoogleMapsBase in Frameworks */,
				825C75CC2B5EA80E00C2B436 /* FirebaseFirestore in Frameworks */,
				8250BB7B2B5FE33C0027E889 /* GoogleMapsCore in Frameworks */,
				825C75B82B5EA80E00C2B436 /* FirebaseAnalyticsSwift in Frameworks */,
				825C75B42B5EA80E00C2B436 /* FirebaseAnalytics in Frameworks */,
				825C75B62B5EA80E00C2B436 /* FirebaseAnalyticsOnDeviceConversion in Frameworks */,
				8261E3272B728AFD000793F6 /* GooglePlaces in Frameworks */,
				825C75DC2B5EA80E00C2B436 /* FirebaseMLModelDownloader in Frameworks */,
				825C75D02B5EA80E00C2B436 /* FirebaseFirestoreSwift in Frameworks */,
				825C75BC2B5EA80E00C2B436 /* FirebaseAppCheck in Frameworks */,
				8250BB7D2B5FE33C0027E889 /* GoogleMapsM4B in Frameworks */,
				825C75BA2B5EA80E00C2B436 /* FirebaseAnalyticsWithoutAdIdSupport in Frameworks */,
				825C75C02B5EA80E00C2B436 /* FirebaseAuth in Frameworks */,
				825C75C42B5EA80E00C2B436 /* FirebaseCrashlytics in Frameworks */,
				825C75E42B5EA80E00C2B436 /* FirebaseRemoteConfigSwift in Frameworks */,
				825C75D62B5EA80E00C2B436 /* FirebaseInAppMessaging-Beta in Frameworks */,
				825C75C82B5EA80E00C2B436 /* FirebaseDatabaseSwift in Frameworks */,
				825C75D22B5EA80E00C2B436 /* FirebaseFunctions in Frameworks */,
				825C75E82B5EA80E00C2B436 /* FirebaseStorageCombine-Community in Frameworks */,
				825C75E22B5EA80E00C2B436 /* FirebaseRemoteConfig in Frameworks */,
				8250BB702B5FCF1E0027E889 /* URLImage in Frameworks */,
				825C75BE2B5EA80E00C2B436 /* FirebaseAppDistribution-Beta in Frameworks */,
				825C75C22B5EA80E00C2B436 /* FirebaseAuthCombine-Community in Frameworks */,
				825C75E02B5EA80E00C2B436 /* FirebasePerformance in Frameworks */,
				8250BB722B5FCF1E0027E889 /* URLImageStore in Frameworks */,
				825C75D82B5EA80E00C2B436 /* FirebaseInAppMessagingSwift-Beta in Frameworks */,
				825C75E62B5EA80E00C2B436 /* FirebaseStorage in Frameworks */,
				825C75CA2B5EA80E00C2B436 /* FirebaseDynamicLinks in Frameworks */,
				825C75CE2B5EA80E00C2B436 /* FirebaseFirestoreCombine-Community in Frameworks */,
				825C75DE2B5EA80E00C2B436 /* FirebaseMessaging in Frameworks */,
				825C75DA2B5EA80E00C2B436 /* FirebaseInstallations in Frameworks */,
			);
			runOnlyForDeploymentPostprocessing = 0;
		};
/* End PBXFrameworksBuildPhase section */

/* Begin PBXGroup section */
		825C758F2B5EA5C200C2B436 = {
			isa = PBXGroup;
			children = (
				82AA87042B8FB417007CC75B /* README.md */,
				825C759A2B5EA5C200C2B436 /* MemoryLane */,
				825C75992B5EA5C200C2B436 /* Products */,
			);
			sourceTree = "<group>";
		};
		825C75992B5EA5C200C2B436 /* Products */ = {
			isa = PBXGroup;
			children = (
				825C75982B5EA5C200C2B436 /* MemoryLane.app */,
			);
			name = Products;
			sourceTree = "<group>";
		};
		825C759A2B5EA5C200C2B436 /* MemoryLane */ = {
			isa = PBXGroup;
			children = (
				825C759B2B5EA5C200C2B436 /* MemoryLaneApp.swift */,
				825C759D2B5EA5C200C2B436 /* ContentView.swift */,
				825C75A92B5EA5D500C2B436 /* Models */,
				825C75AD2B5EA67900C2B436 /* Managers */,
				82AA87112BA319B4007CC75B /* Extentions */,
				825C75ED2B5EAD7E00C2B436 /* Enums */,
				825C75AA2B5EA5DD00C2B436 /* ViewModels */,
				825C75AB2B5EA5E700C2B436 /* Views */,
				825C759F2B5EA5C400C2B436 /* Assets.xcassets */,
				82A3F8142B67B6E400ECAFDF /* Pflichtenheft-iOS_Martin-Roensch.pdf */,
				82A3F8182B68E97C00ECAFDF /* Localizable.xcstrings */,
				82F602D72B6439D600B951BD /* GoogleService-Info.plist */,
				825C75A12B5EA5C400C2B436 /* Preview Content */,
			);
			path = MemoryLane;
			sourceTree = "<group>";
		};
		825C75A12B5EA5C400C2B436 /* Preview Content */ = {
			isa = PBXGroup;
			children = (
				825C75A22B5EA5C400C2B436 /* Preview Assets.xcassets */,
			);
			path = "Preview Content";
			sourceTree = "<group>";
		};
		825C75A92B5EA5D500C2B436 /* Models */ = {
			isa = PBXGroup;
			children = (
				825C75EB2B5EA9CC00C2B436 /* User.swift */,
				825C75EE2B5EADC000C2B436 /* Memory.swift */,
			);
			path = Models;
			sourceTree = "<group>";
		};
		825C75AA2B5EA5DD00C2B436 /* ViewModels */ = {
			isa = PBXGroup;
			children = (
				825C75E92B5EA9B100C2B436 /* UserViewModel.swift */,
				825C75F02B5EAF7200C2B436 /* MemoryViewModel.swift */,
			);
			path = ViewModels;
			sourceTree = "<group>";
		};
		825C75AB2B5EA5E700C2B436 /* Views */ = {
			isa = PBXGroup;
			children = (
				825C75F72B5EBA3000C2B436 /* Authentication */,
				82F602D62B6417C700B951BD /* MainScreens */,
				825C75FE2B5EC7DD00C2B436 /* Sheets */,
				825C75AC2B5EA64200C2B436 /* Components */,
			);
			path = Views;
			sourceTree = "<group>";
		};
		825C75AC2B5EA64200C2B436 /* Components */ = {
			isa = PBXGroup;
			children = (
				8250BB682B5FB3300027E889 /* TabsView.swift */,
				8250BB642B5FAE940027E889 /* MemoryItemView.swift */,
				8261E31B2B6BE7A0000793F6 /* SingleMemoryItemView.swift */,
				8261E32A2B762759000793F6 /* SearchBarView.swift */,
				8261E32E2B7CACD3000793F6 /* NavigationLinkWithoutIndicator.swift */,
				8250BB732B5FDE5F0027E889 /* GoogleMapsView.swift */,
				8261E3362B8776D1000793F6 /* GoogleMapViewWithControls.swift */,
				8261E3382B87A348000793F6 /* MapControlsView.swift */,
			);
			path = Components;
			sourceTree = "<group>";
		};
		825C75AD2B5EA67900C2B436 /* Managers */ = {
			isa = PBXGroup;
			children = (
				825C75AE2B5EA68D00C2B436 /* FirebaseManager.swift */,
				8261E3172B6A7078000793F6 /* SingleImagePicker.swift */,
				8261E31D2B70D7ED000793F6 /* MultipleImagesPicker.swift */,
				82AA870D2BA30B3C007CC75B /* MemoryUploadManager.swift */,
			);
			path = Managers;
			sourceTree = "<group>";
		};
		825C75ED2B5EAD7E00C2B436 /* Enums */ = {
			isa = PBXGroup;
			children = (
				8250BB662B5FB1E60027E889 /* Tab.swift */,
				8261E3192B6AA139000793F6 /* Errors.swift */,
			);
			path = Enums;
			sourceTree = "<group>";
		};
		825C75F72B5EBA3000C2B436 /* Authentication */ = {
			isa = PBXGroup;
			children = (
				825C75F22B5EB47A00C2B436 /* LoginView.swift */,
				825C75F42B5EB69600C2B436 /* RegisterView.swift */,
			);
			path = Authentication;
			sourceTree = "<group>";
		};
		825C75FE2B5EC7DD00C2B436 /* Sheets */ = {
			isa = PBXGroup;
			children = (
				825C75FA2B5EC46500C2B436 /* AddMemoryView.swift */,
				825C75FC2B5EC4BE00C2B436 /* EditMemoryView.swift */,
				8261E3132B694863000793F6 /* SearchView.swift */,
			);
			path = Sheets;
			sourceTree = "<group>";
		};
		82AA87112BA319B4007CC75B /* Extentions */ = {
			isa = PBXGroup;
			children = (
				82AA870F2BA31893007CC75B /* DateExtensions.swift */,
				82AA87122BA327DB007CC75B /* HeaderExtentions.swift */,
			);
			path = Extentions;
			sourceTree = "<group>";
		};
		82F602D62B6417C700B951BD /* MainScreens */ = {
			isa = PBXGroup;
			children = (
				825C75F82B5EBCE700C2B436 /* HomeView.swift */,
				8261E32C2B772F09000793F6 /* TimelineView.swift */,
				8250BB6C2B5FC9F10027E889 /* MemoryDetailView.swift */,
				8261E3152B6948A6000793F6 /* FavoritesView.swift */,
				8250BB6A2B5FB3B40027E889 /* ProfileView.swift */,
			);
			path = MainScreens;
			sourceTree = "<group>";
		};
/* End PBXGroup section */

/* Begin PBXNativeTarget section */
		825C75972B5EA5C200C2B436 /* MemoryLane */ = {
			isa = PBXNativeTarget;
			buildConfigurationList = 825C75A62B5EA5C400C2B436 /* Build configuration list for PBXNativeTarget "MemoryLane" */;
			buildPhases = (
				825C75942B5EA5C200C2B436 /* Sources */,
				825C75952B5EA5C200C2B436 /* Frameworks */,
				825C75962B5EA5C200C2B436 /* Resources */,
			);
			buildRules = (
			);
			dependencies = (
			);
			name = MemoryLane;
			packageProductDependencies = (
				825C75B32B5EA80E00C2B436 /* FirebaseAnalytics */,
				825C75B52B5EA80E00C2B436 /* FirebaseAnalyticsOnDeviceConversion */,
				825C75B72B5EA80E00C2B436 /* FirebaseAnalyticsSwift */,
				825C75B92B5EA80E00C2B436 /* FirebaseAnalyticsWithoutAdIdSupport */,
				825C75BB2B5EA80E00C2B436 /* FirebaseAppCheck */,
				825C75BD2B5EA80E00C2B436 /* FirebaseAppDistribution-Beta */,
				825C75BF2B5EA80E00C2B436 /* FirebaseAuth */,
				825C75C12B5EA80E00C2B436 /* FirebaseAuthCombine-Community */,
				825C75C32B5EA80E00C2B436 /* FirebaseCrashlytics */,
				825C75C52B5EA80E00C2B436 /* FirebaseDatabase */,
				825C75C72B5EA80E00C2B436 /* FirebaseDatabaseSwift */,
				825C75C92B5EA80E00C2B436 /* FirebaseDynamicLinks */,
				825C75CB2B5EA80E00C2B436 /* FirebaseFirestore */,
				825C75CD2B5EA80E00C2B436 /* FirebaseFirestoreCombine-Community */,
				825C75CF2B5EA80E00C2B436 /* FirebaseFirestoreSwift */,
				825C75D12B5EA80E00C2B436 /* FirebaseFunctions */,
				825C75D32B5EA80E00C2B436 /* FirebaseFunctionsCombine-Community */,
				825C75D52B5EA80E00C2B436 /* FirebaseInAppMessaging-Beta */,
				825C75D72B5EA80E00C2B436 /* FirebaseInAppMessagingSwift-Beta */,
				825C75D92B5EA80E00C2B436 /* FirebaseInstallations */,
				825C75DB2B5EA80E00C2B436 /* FirebaseMLModelDownloader */,
				825C75DD2B5EA80E00C2B436 /* FirebaseMessaging */,
				825C75DF2B5EA80E00C2B436 /* FirebasePerformance */,
				825C75E12B5EA80E00C2B436 /* FirebaseRemoteConfig */,
				825C75E32B5EA80E00C2B436 /* FirebaseRemoteConfigSwift */,
				825C75E52B5EA80E00C2B436 /* FirebaseStorage */,
				825C75E72B5EA80E00C2B436 /* FirebaseStorageCombine-Community */,
				8250BB6F2B5FCF1E0027E889 /* URLImage */,
				8250BB712B5FCF1E0027E889 /* URLImageStore */,
				8250BB762B5FE33C0027E889 /* GoogleMaps */,
				8250BB782B5FE33C0027E889 /* GoogleMapsBase */,
				8250BB7A2B5FE33C0027E889 /* GoogleMapsCore */,
				8250BB7C2B5FE33C0027E889 /* GoogleMapsM4B */,
				8261E3262B728AFD000793F6 /* GooglePlaces */,
			);
			productName = MemoryVerse;
			productReference = 825C75982B5EA5C200C2B436 /* MemoryLane.app */;
			productType = "com.apple.product-type.application";
		};
/* End PBXNativeTarget section */

/* Begin PBXProject section */
		825C75902B5EA5C200C2B436 /* Project object */ = {
			isa = PBXProject;
			attributes = {
				BuildIndependentTargetsInParallel = 1;
				LastSwiftUpdateCheck = 1520;
				LastUpgradeCheck = 1520;
				TargetAttributes = {
					825C75972B5EA5C200C2B436 = {
						CreatedOnToolsVersion = 15.2;
					};
				};
			};
			buildConfigurationList = 825C75932B5EA5C200C2B436 /* Build configuration list for PBXProject "MemoryLane" */;
			compatibilityVersion = "Xcode 14.0";
			developmentRegion = en;
			hasScannedForEncodings = 0;
			knownRegions = (
				en,
				de,
				Base,
			);
			mainGroup = 825C758F2B5EA5C200C2B436;
			packageReferences = (
				825C75B22B5EA80E00C2B436 /* XCRemoteSwiftPackageReference "firebase-ios-sdk" */,
				8250BB6E2B5FCF1E0027E889 /* XCRemoteSwiftPackageReference "url-image" */,
				8250BB752B5FE33C0027E889 /* XCRemoteSwiftPackageReference "ios-maps-sdk" */,
				8261E3252B728AFD000793F6 /* XCRemoteSwiftPackageReference "ios-places-sdk" */,
			);
			productRefGroup = 825C75992B5EA5C200C2B436 /* Products */;
			projectDirPath = "";
			projectRoot = "";
			targets = (
				825C75972B5EA5C200C2B436 /* MemoryLane */,
			);
		};
/* End PBXProject section */

/* Begin PBXResourcesBuildPhase section */
		825C75962B5EA5C200C2B436 /* Resources */ = {
			isa = PBXResourcesBuildPhase;
			buildActionMask = 2147483647;
			files = (
				825C75A32B5EA5C400C2B436 /* Preview Assets.xcassets in Resources */,
				82A3F8192B68E97C00ECAFDF /* Localizable.xcstrings in Resources */,
				82A3F8152B67B6E400ECAFDF /* Pflichtenheft-iOS_Martin-Roensch.pdf in Resources */,
				825C75A02B5EA5C400C2B436 /* Assets.xcassets in Resources */,
				82F602D82B6439D600B951BD /* GoogleService-Info.plist in Resources */,
			);
			runOnlyForDeploymentPostprocessing = 0;
		};
/* End PBXResourcesBuildPhase section */

/* Begin PBXSourcesBuildPhase section */
		825C75942B5EA5C200C2B436 /* Sources */ = {
			isa = PBXSourcesBuildPhase;
			buildActionMask = 2147483647;
			files = (
				8261E3162B6948A6000793F6 /* FavoritesView.swift in Sources */,
				825C75F52B5EB69600C2B436 /* RegisterView.swift in Sources */,
				8261E3142B694863000793F6 /* SearchView.swift in Sources */,
				8261E3182B6A7078000793F6 /* SingleImagePicker.swift in Sources */,
				8261E31E2B70D7ED000793F6 /* MultipleImagesPicker.swift in Sources */,
				8261E32B2B762759000793F6 /* SearchBarView.swift in Sources */,
				82AA870E2BA30B3C007CC75B /* MemoryUploadManager.swift in Sources */,
				825C75F12B5EAF7200C2B436 /* MemoryViewModel.swift in Sources */,
				825C75EF2B5EADC000C2B436 /* Memory.swift in Sources */,
				825C75F92B5EBCE700C2B436 /* HomeView.swift in Sources */,
				825C75AF2B5EA68D00C2B436 /* FirebaseManager.swift in Sources */,
				8261E32F2B7CACD3000793F6 /* NavigationLinkWithoutIndicator.swift in Sources */,
				825C75FD2B5EC4BE00C2B436 /* EditMemoryView.swift in Sources */,
				825C75EA2B5EA9B100C2B436 /* UserViewModel.swift in Sources */,
				8250BB692B5FB3300027E889 /* TabsView.swift in Sources */,
				8250BB672B5FB1E60027E889 /* Tab.swift in Sources */,
				8250BB6B2B5FB3B40027E889 /* ProfileView.swift in Sources */,
				8261E31C2B6BE7A0000793F6 /* SingleMemoryItemView.swift in Sources */,
				8250BB652B5FAE940027E889 /* MemoryItemView.swift in Sources */,
				825C759E2B5EA5C200C2B436 /* ContentView.swift in Sources */,
				8250BB742B5FDE5F0027E889 /* GoogleMapsView.swift in Sources */,
				825C75FB2B5EC46500C2B436 /* AddMemoryView.swift in Sources */,
				825C75EC2B5EA9CC00C2B436 /* User.swift in Sources */,
				8261E31A2B6AA139000793F6 /* Errors.swift in Sources */,
				8250BB6D2B5FC9F10027E889 /* MemoryDetailView.swift in Sources */,
				8261E3372B8776D1000793F6 /* GoogleMapViewWithControls.swift in Sources */,
				825C75F32B5EB47A00C2B436 /* LoginView.swift in Sources */,
				8261E3392B87A348000793F6 /* MapControlsView.swift in Sources */,
				82AA87102BA31893007CC75B /* DateExtensions.swift in Sources */,
				825C759C2B5EA5C200C2B436 /* MemoryLaneApp.swift in Sources */,
				82AA87132BA327DB007CC75B /* HeaderExtentions.swift in Sources */,
				8261E32D2B772F09000793F6 /* TimelineView.swift in Sources */,
			);
			runOnlyForDeploymentPostprocessing = 0;
		};
/* End PBXSourcesBuildPhase section */

/* Begin XCBuildConfiguration section */
		825C75A42B5EA5C400C2B436 /* Debug */ = {
			isa = XCBuildConfiguration;
			buildSettings = {
				ALWAYS_SEARCH_USER_PATHS = NO;
				ASSETCATALOG_COMPILER_GENERATE_SWIFT_ASSET_SYMBOL_EXTENSIONS = YES;
				CLANG_ANALYZER_NONNULL = YES;
				CLANG_ANALYZER_NUMBER_OBJECT_CONVERSION = YES_AGGRESSIVE;
				CLANG_CXX_LANGUAGE_STANDARD = "gnu++20";
				CLANG_ENABLE_MODULES = YES;
				CLANG_ENABLE_OBJC_ARC = YES;
				CLANG_ENABLE_OBJC_WEAK = YES;
				CLANG_WARN_BLOCK_CAPTURE_AUTORELEASING = YES;
				CLANG_WARN_BOOL_CONVERSION = YES;
				CLANG_WARN_COMMA = YES;
				CLANG_WARN_CONSTANT_CONVERSION = YES;
				CLANG_WARN_DEPRECATED_OBJC_IMPLEMENTATIONS = YES;
				CLANG_WARN_DIRECT_OBJC_ISA_USAGE = YES_ERROR;
				CLANG_WARN_DOCUMENTATION_COMMENTS = YES;
				CLANG_WARN_EMPTY_BODY = YES;
				CLANG_WARN_ENUM_CONVERSION = YES;
				CLANG_WARN_INFINITE_RECURSION = YES;
				CLANG_WARN_INT_CONVERSION = YES;
				CLANG_WARN_NON_LITERAL_NULL_CONVERSION = YES;
				CLANG_WARN_OBJC_IMPLICIT_RETAIN_SELF = YES;
				CLANG_WARN_OBJC_LITERAL_CONVERSION = YES;
				CLANG_WARN_OBJC_ROOT_CLASS = YES_ERROR;
				CLANG_WARN_QUOTED_INCLUDE_IN_FRAMEWORK_HEADER = YES;
				CLANG_WARN_RANGE_LOOP_ANALYSIS = YES;
				CLANG_WARN_STRICT_PROTOTYPES = YES;
				CLANG_WARN_SUSPICIOUS_MOVE = YES;
				CLANG_WARN_UNGUARDED_AVAILABILITY = YES_AGGRESSIVE;
				CLANG_WARN_UNREACHABLE_CODE = YES;
				CLANG_WARN__DUPLICATE_METHOD_MATCH = YES;
				COPY_PHASE_STRIP = NO;
				DEBUG_INFORMATION_FORMAT = dwarf;
				ENABLE_STRICT_OBJC_MSGSEND = YES;
				ENABLE_TESTABILITY = YES;
				ENABLE_USER_SCRIPT_SANDBOXING = YES;
				GCC_C_LANGUAGE_STANDARD = gnu17;
				GCC_DYNAMIC_NO_PIC = NO;
				GCC_NO_COMMON_BLOCKS = YES;
				GCC_OPTIMIZATION_LEVEL = 0;
				GCC_PREPROCESSOR_DEFINITIONS = (
					"DEBUG=1",
					"$(inherited)",
				);
				GCC_WARN_64_TO_32_BIT_CONVERSION = YES;
				GCC_WARN_ABOUT_RETURN_TYPE = YES_ERROR;
				GCC_WARN_UNDECLARED_SELECTOR = YES;
				GCC_WARN_UNINITIALIZED_AUTOS = YES_AGGRESSIVE;
				GCC_WARN_UNUSED_FUNCTION = YES;
				GCC_WARN_UNUSED_VARIABLE = YES;
				IPHONEOS_DEPLOYMENT_TARGET = 17.2;
				LOCALIZATION_PREFERS_STRING_CATALOGS = YES;
				MTL_ENABLE_DEBUG_INFO = INCLUDE_SOURCE;
				MTL_FAST_MATH = YES;
				ONLY_ACTIVE_ARCH = YES;
				SDKROOT = iphoneos;
				SWIFT_ACTIVE_COMPILATION_CONDITIONS = "DEBUG $(inherited)";
				SWIFT_OPTIMIZATION_LEVEL = "-Onone";
			};
			name = Debug;
		};
		825C75A52B5EA5C400C2B436 /* Release */ = {
			isa = XCBuildConfiguration;
			buildSettings = {
				ALWAYS_SEARCH_USER_PATHS = NO;
				ASSETCATALOG_COMPILER_GENERATE_SWIFT_ASSET_SYMBOL_EXTENSIONS = YES;
				CLANG_ANALYZER_NONNULL = YES;
				CLANG_ANALYZER_NUMBER_OBJECT_CONVERSION = YES_AGGRESSIVE;
				CLANG_CXX_LANGUAGE_STANDARD = "gnu++20";
				CLANG_ENABLE_MODULES = YES;
				CLANG_ENABLE_OBJC_ARC = YES;
				CLANG_ENABLE_OBJC_WEAK = YES;
				CLANG_WARN_BLOCK_CAPTURE_AUTORELEASING = YES;
				CLANG_WARN_BOOL_CONVERSION = YES;
				CLANG_WARN_COMMA = YES;
				CLANG_WARN_CONSTANT_CONVERSION = YES;
				CLANG_WARN_DEPRECATED_OBJC_IMPLEMENTATIONS = YES;
				CLANG_WARN_DIRECT_OBJC_ISA_USAGE = YES_ERROR;
				CLANG_WARN_DOCUMENTATION_COMMENTS = YES;
				CLANG_WARN_EMPTY_BODY = YES;
				CLANG_WARN_ENUM_CONVERSION = YES;
				CLANG_WARN_INFINITE_RECURSION = YES;
				CLANG_WARN_INT_CONVERSION = YES;
				CLANG_WARN_NON_LITERAL_NULL_CONVERSION = YES;
				CLANG_WARN_OBJC_IMPLICIT_RETAIN_SELF = YES;
				CLANG_WARN_OBJC_LITERAL_CONVERSION = YES;
				CLANG_WARN_OBJC_ROOT_CLASS = YES_ERROR;
				CLANG_WARN_QUOTED_INCLUDE_IN_FRAMEWORK_HEADER = YES;
				CLANG_WARN_RANGE_LOOP_ANALYSIS = YES;
				CLANG_WARN_STRICT_PROTOTYPES = YES;
				CLANG_WARN_SUSPICIOUS_MOVE = YES;
				CLANG_WARN_UNGUARDED_AVAILABILITY = YES_AGGRESSIVE;
				CLANG_WARN_UNREACHABLE_CODE = YES;
				CLANG_WARN__DUPLICATE_METHOD_MATCH = YES;
				COPY_PHASE_STRIP = NO;
				DEBUG_INFORMATION_FORMAT = "dwarf-with-dsym";
				ENABLE_NS_ASSERTIONS = NO;
				ENABLE_STRICT_OBJC_MSGSEND = YES;
				ENABLE_USER_SCRIPT_SANDBOXING = YES;
				GCC_C_LANGUAGE_STANDARD = gnu17;
				GCC_NO_COMMON_BLOCKS = YES;
				GCC_WARN_64_TO_32_BIT_CONVERSION = YES;
				GCC_WARN_ABOUT_RETURN_TYPE = YES_ERROR;
				GCC_WARN_UNDECLARED_SELECTOR = YES;
				GCC_WARN_UNINITIALIZED_AUTOS = YES_AGGRESSIVE;
				GCC_WARN_UNUSED_FUNCTION = YES;
				GCC_WARN_UNUSED_VARIABLE = YES;
				IPHONEOS_DEPLOYMENT_TARGET = 17.2;
				LOCALIZATION_PREFERS_STRING_CATALOGS = YES;
				MTL_ENABLE_DEBUG_INFO = NO;
				MTL_FAST_MATH = YES;
				SDKROOT = iphoneos;
				SWIFT_COMPILATION_MODE = wholemodule;
				VALIDATE_PRODUCT = YES;
			};
			name = Release;
		};
		825C75A72B5EA5C400C2B436 /* Debug */ = {
			isa = XCBuildConfiguration;
			buildSettings = {
				ASSETCATALOG_COMPILER_APPICON_NAME = AppIcon;
				ASSETCATALOG_COMPILER_GLOBAL_ACCENT_COLOR_NAME = AccentColor;
				CODE_SIGN_IDENTITY = "Apple Development";
				CODE_SIGN_STYLE = Manual;
				CURRENT_PROJECT_VERSION = 1;
				DEVELOPMENT_ASSET_PATHS = "\"MemoryLane/Preview Content\"";
				DEVELOPMENT_TEAM = "";
				ENABLE_PREVIEWS = YES;
				GENERATE_INFOPLIST_FILE = YES;
				INFOPLIST_KEY_UIApplicationSceneManifest_Generation = YES;
				INFOPLIST_KEY_UIApplicationSupportsIndirectInputEvents = YES;
				INFOPLIST_KEY_UILaunchScreen_Generation = YES;
				INFOPLIST_KEY_UISupportedInterfaceOrientations_iPad = "UIInterfaceOrientationPortrait UIInterfaceOrientationPortraitUpsideDown UIInterfaceOrientationLandscapeLeft UIInterfaceOrientationLandscapeRight";
				INFOPLIST_KEY_UISupportedInterfaceOrientations_iPhone = "UIInterfaceOrientationPortrait UIInterfaceOrientationLandscapeLeft UIInterfaceOrientationLandscapeRight";
				IPHONEOS_DEPLOYMENT_TARGET = 17.2;
				LD_RUNPATH_SEARCH_PATHS = (
					"$(inherited)",
					"@executable_path/Frameworks",
				);
				MARKETING_VERSION = 1.0;
				PRODUCT_BUNDLE_IDENTIFIER = martin.MemoryLane;
				PRODUCT_NAME = "$(TARGET_NAME)";
				PROVISIONING_PROFILE_SPECIFIER = "";
				SWIFT_EMIT_LOC_STRINGS = YES;
				SWIFT_VERSION = 5.0;
				TARGETED_DEVICE_FAMILY = "1,2";
			};
			name = Debug;
		};
		825C75A82B5EA5C400C2B436 /* Release */ = {
			isa = XCBuildConfiguration;
			buildSettings = {
				ASSETCATALOG_COMPILER_APPICON_NAME = AppIcon;
				ASSETCATALOG_COMPILER_GLOBAL_ACCENT_COLOR_NAME = AccentColor;
				CODE_SIGN_IDENTITY = "Apple Development";
				CODE_SIGN_STYLE = Manual;
				CURRENT_PROJECT_VERSION = 1;
				DEVELOPMENT_ASSET_PATHS = "\"MemoryLane/Preview Content\"";
				DEVELOPMENT_TEAM = "";
				ENABLE_PREVIEWS = YES;
				GENERATE_INFOPLIST_FILE = YES;
				INFOPLIST_KEY_UIApplicationSceneManifest_Generation = YES;
				INFOPLIST_KEY_UIApplicationSupportsIndirectInputEvents = YES;
				INFOPLIST_KEY_UILaunchScreen_Generation = YES;
				INFOPLIST_KEY_UISupportedInterfaceOrientations_iPad = "UIInterfaceOrientationPortrait UIInterfaceOrientationPortraitUpsideDown UIInterfaceOrientationLandscapeLeft UIInterfaceOrientationLandscapeRight";
				INFOPLIST_KEY_UISupportedInterfaceOrientations_iPhone = "UIInterfaceOrientationPortrait UIInterfaceOrientationLandscapeLeft UIInterfaceOrientationLandscapeRight";
				IPHONEOS_DEPLOYMENT_TARGET = 17.2;
				LD_RUNPATH_SEARCH_PATHS = (
					"$(inherited)",
					"@executable_path/Frameworks",
				);
				MARKETING_VERSION = 1.0;
				PRODUCT_BUNDLE_IDENTIFIER = martin.MemoryLane;
				PRODUCT_NAME = "$(TARGET_NAME)";
				PROVISIONING_PROFILE_SPECIFIER = "";
				SWIFT_EMIT_LOC_STRINGS = YES;
				SWIFT_VERSION = 5.0;
				TARGETED_DEVICE_FAMILY = "1,2";
			};
			name = Release;
		};
/* End XCBuildConfiguration section */

/* Begin XCConfigurationList section */
		825C75932B5EA5C200C2B436 /* Build configuration list for PBXProject "MemoryLane" */ = {
			isa = XCConfigurationList;
			buildConfigurations = (
				825C75A42B5EA5C400C2B436 /* Debug */,
				825C75A52B5EA5C400C2B436 /* Release */,
			);
			defaultConfigurationIsVisible = 0;
			defaultConfigurationName = Release;
		};
		825C75A62B5EA5C400C2B436 /* Build configuration list for PBXNativeTarget "MemoryLane" */ = {
			isa = XCConfigurationList;
			buildConfigurations = (
				825C75A72B5EA5C400C2B436 /* Debug */,
				825C75A82B5EA5C400C2B436 /* Release */,
			);
			defaultConfigurationIsVisible = 0;
			defaultConfigurationName = Release;
		};
/* End XCConfigurationList section */

/* Begin XCRemoteSwiftPackageReference section */
		8250BB6E2B5FCF1E0027E889 /* XCRemoteSwiftPackageReference "url-image" */ = {
			isa = XCRemoteSwiftPackageReference;
			repositoryURL = "https://github.com/dmytro-anokhin/url-image.git";
			requirement = {
				kind = upToNextMajorVersion;
				minimumVersion = 3.1.1;
			};
		};
		8250BB752B5FE33C0027E889 /* XCRemoteSwiftPackageReference "ios-maps-sdk" */ = {
			isa = XCRemoteSwiftPackageReference;
			repositoryURL = "https://github.com/googlemaps/ios-maps-sdk";
			requirement = {
				kind = upToNextMajorVersion;
				minimumVersion = 8.3.1;
			};
		};
		825C75B22B5EA80E00C2B436 /* XCRemoteSwiftPackageReference "firebase-ios-sdk" */ = {
			isa = XCRemoteSwiftPackageReference;
			repositoryURL = "https://github.com/firebase/firebase-ios-sdk";
			requirement = {
				kind = upToNextMajorVersion;
				minimumVersion = 10.20.0;
			};
		};
		8261E3252B728AFD000793F6 /* XCRemoteSwiftPackageReference "ios-places-sdk" */ = {
			isa = XCRemoteSwiftPackageReference;
			repositoryURL = "https://github.com/googlemaps/ios-places-sdk";
			requirement = {
				kind = upToNextMajorVersion;
				minimumVersion = 8.3.0;
			};
		};
/* End XCRemoteSwiftPackageReference section */

/* Begin XCSwiftPackageProductDependency section */
		8250BB6F2B5FCF1E0027E889 /* URLImage */ = {
			isa = XCSwiftPackageProductDependency;
			package = 8250BB6E2B5FCF1E0027E889 /* XCRemoteSwiftPackageReference "url-image" */;
			productName = URLImage;
		};
		8250BB712B5FCF1E0027E889 /* URLImageStore */ = {
			isa = XCSwiftPackageProductDependency;
			package = 8250BB6E2B5FCF1E0027E889 /* XCRemoteSwiftPackageReference "url-image" */;
			productName = URLImageStore;
		};
		8250BB762B5FE33C0027E889 /* GoogleMaps */ = {
			isa = XCSwiftPackageProductDependency;
			package = 8250BB752B5FE33C0027E889 /* XCRemoteSwiftPackageReference "ios-maps-sdk" */;
			productName = GoogleMaps;
		};
		8250BB782B5FE33C0027E889 /* GoogleMapsBase */ = {
			isa = XCSwiftPackageProductDependency;
			package = 8250BB752B5FE33C0027E889 /* XCRemoteSwiftPackageReference "ios-maps-sdk" */;
			productName = GoogleMapsBase;
		};
		8250BB7A2B5FE33C0027E889 /* GoogleMapsCore */ = {
			isa = XCSwiftPackageProductDependency;
			package = 8250BB752B5FE33C0027E889 /* XCRemoteSwiftPackageReference "ios-maps-sdk" */;
			productName = GoogleMapsCore;
		};
		8250BB7C2B5FE33C0027E889 /* GoogleMapsM4B */ = {
			isa = XCSwiftPackageProductDependency;
			package = 8250BB752B5FE33C0027E889 /* XCRemoteSwiftPackageReference "ios-maps-sdk" */;
			productName = GoogleMapsM4B;
		};
		825C75B32B5EA80E00C2B436 /* FirebaseAnalytics */ = {
			isa = XCSwiftPackageProductDependency;
			package = 825C75B22B5EA80E00C2B436 /* XCRemoteSwiftPackageReference "firebase-ios-sdk" */;
			productName = FirebaseAnalytics;
		};
		825C75B52B5EA80E00C2B436 /* FirebaseAnalyticsOnDeviceConversion */ = {
			isa = XCSwiftPackageProductDependency;
			package = 825C75B22B5EA80E00C2B436 /* XCRemoteSwiftPackageReference "firebase-ios-sdk" */;
			productName = FirebaseAnalyticsOnDeviceConversion;
		};
		825C75B72B5EA80E00C2B436 /* FirebaseAnalyticsSwift */ = {
			isa = XCSwiftPackageProductDependency;
			package = 825C75B22B5EA80E00C2B436 /* XCRemoteSwiftPackageReference "firebase-ios-sdk" */;
			productName = FirebaseAnalyticsSwift;
		};
		825C75B92B5EA80E00C2B436 /* FirebaseAnalyticsWithoutAdIdSupport */ = {
			isa = XCSwiftPackageProductDependency;
			package = 825C75B22B5EA80E00C2B436 /* XCRemoteSwiftPackageReference "firebase-ios-sdk" */;
			productName = FirebaseAnalyticsWithoutAdIdSupport;
		};
		825C75BB2B5EA80E00C2B436 /* FirebaseAppCheck */ = {
			isa = XCSwiftPackageProductDependency;
			package = 825C75B22B5EA80E00C2B436 /* XCRemoteSwiftPackageReference "firebase-ios-sdk" */;
			productName = FirebaseAppCheck;
		};
		825C75BD2B5EA80E00C2B436 /* FirebaseAppDistribution-Beta */ = {
			isa = XCSwiftPackageProductDependency;
			package = 825C75B22B5EA80E00C2B436 /* XCRemoteSwiftPackageReference "firebase-ios-sdk" */;
			productName = "FirebaseAppDistribution-Beta";
		};
		825C75BF2B5EA80E00C2B436 /* FirebaseAuth */ = {
			isa = XCSwiftPackageProductDependency;
			package = 825C75B22B5EA80E00C2B436 /* XCRemoteSwiftPackageReference "firebase-ios-sdk" */;
			productName = FirebaseAuth;
		};
		825C75C12B5EA80E00C2B436 /* FirebaseAuthCombine-Community */ = {
			isa = XCSwiftPackageProductDependency;
			package = 825C75B22B5EA80E00C2B436 /* XCRemoteSwiftPackageReference "firebase-ios-sdk" */;
			productName = "FirebaseAuthCombine-Community";
		};
		825C75C32B5EA80E00C2B436 /* FirebaseCrashlytics */ = {
			isa = XCSwiftPackageProductDependency;
			package = 825C75B22B5EA80E00C2B436 /* XCRemoteSwiftPackageReference "firebase-ios-sdk" */;
			productName = FirebaseCrashlytics;
		};
		825C75C52B5EA80E00C2B436 /* FirebaseDatabase */ = {
			isa = XCSwiftPackageProductDependency;
			package = 825C75B22B5EA80E00C2B436 /* XCRemoteSwiftPackageReference "firebase-ios-sdk" */;
			productName = FirebaseDatabase;
		};
		825C75C72B5EA80E00C2B436 /* FirebaseDatabaseSwift */ = {
			isa = XCSwiftPackageProductDependency;
			package = 825C75B22B5EA80E00C2B436 /* XCRemoteSwiftPackageReference "firebase-ios-sdk" */;
			productName = FirebaseDatabaseSwift;
		};
		825C75C92B5EA80E00C2B436 /* FirebaseDynamicLinks */ = {
			isa = XCSwiftPackageProductDependency;
			package = 825C75B22B5EA80E00C2B436 /* XCRemoteSwiftPackageReference "firebase-ios-sdk" */;
			productName = FirebaseDynamicLinks;
		};
		825C75CB2B5EA80E00C2B436 /* FirebaseFirestore */ = {
			isa = XCSwiftPackageProductDependency;
			package = 825C75B22B5EA80E00C2B436 /* XCRemoteSwiftPackageReference "firebase-ios-sdk" */;
			productName = FirebaseFirestore;
		};
		825C75CD2B5EA80E00C2B436 /* FirebaseFirestoreCombine-Community */ = {
			isa = XCSwiftPackageProductDependency;
			package = 825C75B22B5EA80E00C2B436 /* XCRemoteSwiftPackageReference "firebase-ios-sdk" */;
			productName = "FirebaseFirestoreCombine-Community";
		};
		825C75CF2B5EA80E00C2B436 /* FirebaseFirestoreSwift */ = {
			isa = XCSwiftPackageProductDependency;
			package = 825C75B22B5EA80E00C2B436 /* XCRemoteSwiftPackageReference "firebase-ios-sdk" */;
			productName = FirebaseFirestoreSwift;
		};
		825C75D12B5EA80E00C2B436 /* FirebaseFunctions */ = {
			isa = XCSwiftPackageProductDependency;
			package = 825C75B22B5EA80E00C2B436 /* XCRemoteSwiftPackageReference "firebase-ios-sdk" */;
			productName = FirebaseFunctions;
		};
		825C75D32B5EA80E00C2B436 /* FirebaseFunctionsCombine-Community */ = {
			isa = XCSwiftPackageProductDependency;
			package = 825C75B22B5EA80E00C2B436 /* XCRemoteSwiftPackageReference "firebase-ios-sdk" */;
			productName = "FirebaseFunctionsCombine-Community";
		};
		825C75D52B5EA80E00C2B436 /* FirebaseInAppMessaging-Beta */ = {
			isa = XCSwiftPackageProductDependency;
			package = 825C75B22B5EA80E00C2B436 /* XCRemoteSwiftPackageReference "firebase-ios-sdk" */;
			productName = "FirebaseInAppMessaging-Beta";
		};
		825C75D72B5EA80E00C2B436 /* FirebaseInAppMessagingSwift-Beta */ = {
			isa = XCSwiftPackageProductDependency;
			package = 825C75B22B5EA80E00C2B436 /* XCRemoteSwiftPackageReference "firebase-ios-sdk" */;
			productName = "FirebaseInAppMessagingSwift-Beta";
		};
		825C75D92B5EA80E00C2B436 /* FirebaseInstallations */ = {
			isa = XCSwiftPackageProductDependency;
			package = 825C75B22B5EA80E00C2B436 /* XCRemoteSwiftPackageReference "firebase-ios-sdk" */;
			productName = FirebaseInstallations;
		};
		825C75DB2B5EA80E00C2B436 /* FirebaseMLModelDownloader */ = {
			isa = XCSwiftPackageProductDependency;
			package = 825C75B22B5EA80E00C2B436 /* XCRemoteSwiftPackageReference "firebase-ios-sdk" */;
			productName = FirebaseMLModelDownloader;
		};
		825C75DD2B5EA80E00C2B436 /* FirebaseMessaging */ = {
			isa = XCSwiftPackageProductDependency;
			package = 825C75B22B5EA80E00C2B436 /* XCRemoteSwiftPackageReference "firebase-ios-sdk" */;
			productName = FirebaseMessaging;
		};
		825C75DF2B5EA80E00C2B436 /* FirebasePerformance */ = {
			isa = XCSwiftPackageProductDependency;
			package = 825C75B22B5EA80E00C2B436 /* XCRemoteSwiftPackageReference "firebase-ios-sdk" */;
			productName = FirebasePerformance;
		};
		825C75E12B5EA80E00C2B436 /* FirebaseRemoteConfig */ = {
			isa = XCSwiftPackageProductDependency;
			package = 825C75B22B5EA80E00C2B436 /* XCRemoteSwiftPackageReference "firebase-ios-sdk" */;
			productName = FirebaseRemoteConfig;
		};
		825C75E32B5EA80E00C2B436 /* FirebaseRemoteConfigSwift */ = {
			isa = XCSwiftPackageProductDependency;
			package = 825C75B22B5EA80E00C2B436 /* XCRemoteSwiftPackageReference "firebase-ios-sdk" */;
			productName = FirebaseRemoteConfigSwift;
		};
		825C75E52B5EA80E00C2B436 /* FirebaseStorage */ = {
			isa = XCSwiftPackageProductDependency;
			package = 825C75B22B5EA80E00C2B436 /* XCRemoteSwiftPackageReference "firebase-ios-sdk" */;
			productName = FirebaseStorage;
		};
		825C75E72B5EA80E00C2B436 /* FirebaseStorageCombine-Community */ = {
			isa = XCSwiftPackageProductDependency;
			package = 825C75B22B5EA80E00C2B436 /* XCRemoteSwiftPackageReference "firebase-ios-sdk" */;
			productName = "FirebaseStorageCombine-Community";
		};
		8261E3262B728AFD000793F6 /* GooglePlaces */ = {
			isa = XCSwiftPackageProductDependency;
			package = 8261E3252B728AFD000793F6 /* XCRemoteSwiftPackageReference "ios-places-sdk" */;
			productName = GooglePlaces;
		};
/* End XCSwiftPackageProductDependency section */
	};
	rootObject = 825C75902B5EA5C200C2B436 /* Project object */;
}
